
Microsoft Visual Studio Solution File, Format Version 12.00
# Visual Studio Version 17
VisualStudioVersion = 17.12.35514.174 d17.12
MinimumVisualStudioVersion = 10.0.40219.1
Project("{FAE04EC0-301F-11D3-BF4B-00C04F79EFBC}") = "WebApp9", "WebApp9\WebApp9.csproj", "{FA6CC4AD-E879-4638-B1A8-4EC60547DEBB}"
EndProject
Global
	GlobalSection(SolutionConfigurationPlatforms) = preSolution
		Debug|Any CPU = Debug|Any CPU
		Release|Any CPU = Release|Any CPU
	EndGlobalSection
	GlobalSection(ProjectConfigurationPlatforms) = postSolution
		{FA6CC4AD-E879-4638-B1A8-4EC60547DEBB}.Debug|Any CPU.ActiveCfg = Debug|Any CPU
		{FA6CC4AD-E879-4638-B1A8-4EC60547DEBB}.Debug|Any CPU.Build.0 = Debug|Any CPU
		{FA6CC4AD-E879-4638-B1A8-4EC60547DEBB}.Release|Any CPU.ActiveCfg = Release|Any CPU
		{FA6CC4AD-E879-4638-B1A8-4EC60547DEBB}.Release|Any CPU.Build.0 = Release|Any CPU
	EndGlobalSection
	GlobalSection(SolutionProperties) = preSolution
		HideSolutionNode = FALSE
	EndGlobalSection
EndGlobal
